// !$*UTF8*$!
{
	archiveVersion = 1;
	classes = {
	};
	objectVersion = 52;
	objects = {

/* Begin PBXBuildFile section */
		0918BA3526AB19D9009CC7CC /* main.swift in Sources */ = {isa = PBXBuildFile; fileRef = 0918BA3426AB19D9009CC7CC /* main.swift */; };
		0918BA3D26AB1C02009CC7CC /* GameState.swift in Sources */ = {isa = PBXBuildFile; fileRef = 0918BA3C26AB1C02009CC7CC /* GameState.swift */; };
		0918BA4026AB3374009CC7CC /* CheckersMinMax.swift in Sources */ = {isa = PBXBuildFile; fileRef = 0918BA3F26AB3374009CC7CC /* CheckersMinMax.swift */; };
		0918BA4C26AB3AA7009CC7CC /* CheckersPlayer.swift in Sources */ = {isa = PBXBuildFile; fileRef = 0918BA4B26AB3AA7009CC7CC /* CheckersPlayer.swift */; };
		0918BA4F26AB3B9E009CC7CC /* CheckersHumanPlayer.swift in Sources */ = {isa = PBXBuildFile; fileRef = 0918BA4E26AB3B9E009CC7CC /* CheckersHumanPlayer.swift */; };
		0918BA5226AB3BF8009CC7CC /* TextUserInterface.swift in Sources */ = {isa = PBXBuildFile; fileRef = 0918BA5126AB3BF8009CC7CC /* TextUserInterface.swift */; };
		0918BA5626AB4795009CC7CC /* Rainbow in Frameworks */ = {isa = PBXBuildFile; productRef = 0918BA5526AB4795009CC7CC /* Rainbow */; };
/* End PBXBuildFile section */

/* Begin PBXCopyFilesBuildPhase section */
		0918BA2F26AB19D9009CC7CC /* CopyFiles */ = {
			isa = PBXCopyFilesBuildPhase;
			buildActionMask = 2147483647;
			dstPath = /usr/share/man/man1/;
			dstSubfolderSpec = 0;
			files = (
			);
			runOnlyForDeploymentPostprocessing = 1;
		};
/* End PBXCopyFilesBuildPhase section */

/* Begin PBXFileReference section */
		0918BA3126AB19D9009CC7CC /* Checkers */ = {isa = PBXFileReference; explicitFileType = "compiled.mach-o.executable"; includeInIndex = 0; path = Checkers; sourceTree = BUILT_PRODUCTS_DIR; };
		0918BA3426AB19D9009CC7CC /* main.swift */ = {isa = PBXFileReference; lastKnownFileType = sourcecode.swift; path = main.swift; sourceTree = "<group>"; };
		0918BA3C26AB1C02009CC7CC /* GameState.swift */ = {isa = PBXFileReference; lastKnownFileType = sourcecode.swift; path = GameState.swift; sourceTree = "<group>"; };
		0918BA3F26AB3374009CC7CC /* CheckersMinMax.swift */ = {isa = PBXFileReference; lastKnownFileType = sourcecode.swift; path = CheckersMinMax.swift; sourceTree = "<group>"; };
		0918BA4B26AB3AA7009CC7CC /* CheckersPlayer.swift */ = {isa = PBXFileReference; lastKnownFileType = sourcecode.swift; path = CheckersPlayer.swift; sourceTree = "<group>"; };
		0918BA4E26AB3B9E009CC7CC /* CheckersHumanPlayer.swift */ = {isa = PBXFileReference; lastKnownFileType = sourcecode.swift; path = CheckersHumanPlayer.swift; sourceTree = "<group>"; };
		0918BA5126AB3BF8009CC7CC /* TextUserInterface.swift */ = {isa = PBXFileReference; lastKnownFileType = sourcecode.swift; path = TextUserInterface.swift; sourceTree = "<group>"; };
/* End PBXFileReference section */

/* Begin PBXFrameworksBuildPhase section */
		0918BA2E26AB19D9009CC7CC /* Frameworks */ = {
			isa = PBXFrameworksBuildPhase;
			buildActionMask = 2147483647;
			files = (
				0918BA5626AB4795009CC7CC /* Rainbow in Frameworks */,
			);
			runOnlyForDeploymentPostprocessing = 0;
		};
/* End PBXFrameworksBuildPhase section */

/* Begin PBXGroup section */
		0918BA2826AB19D8009CC7CC = {
			isa = PBXGroup;
			children = (
				0918BA3326AB19D9009CC7CC /* CheckersMinMax */,
				0918BA3226AB19D9009CC7CC /* Products */,
			);
			sourceTree = "<group>";
		};
		0918BA3226AB19D9009CC7CC /* Products */ = {
			isa = PBXGroup;
			children = (
				0918BA3126AB19D9009CC7CC /* Checkers */,
			);
			name = Products;
			sourceTree = "<group>";
		};
		0918BA3326AB19D9009CC7CC /* CheckersMinMax */ = {
			isa = PBXGroup;
			children = (
				0918BA3426AB19D9009CC7CC /* main.swift */,
				0918BA3C26AB1C02009CC7CC /* GameState.swift */,
				0918BA3F26AB3374009CC7CC /* CheckersMinMax.swift */,
				0918BA4B26AB3AA7009CC7CC /* CheckersPlayer.swift */,
				0918BA4E26AB3B9E009CC7CC /* CheckersHumanPlayer.swift */,
				0918BA5126AB3BF8009CC7CC /* TextUserInterface.swift */,
			);
			path = CheckersMinMax;
			sourceTree = "<group>";
		};
/* End PBXGroup section */

/* Begin PBXNativeTarget section */
		0918BA3026AB19D9009CC7CC /* Checkers */ = {
			isa = PBXNativeTarget;
			buildConfigurationList = 0918BA3826AB19D9009CC7CC /* Build configuration list for PBXNativeTarget "Checkers" */;
			buildPhases = (
				0918BA2D26AB19D9009CC7CC /* Sources */,
				0918BA2E26AB19D9009CC7CC /* Frameworks */,
				0918BA2F26AB19D9009CC7CC /* CopyFiles */,
			);
			buildRules = (
			);
			dependencies = (
			);
			name = Checkers;
			packageProductDependencies = (
				0918BA5526AB4795009CC7CC /* Rainbow */,
			);
			productName = CheckersMinMax;
			productReference = 0918BA3126AB19D9009CC7CC /* Checkers */;
			productType = "com.apple.product-type.tool";
		};
/* End PBXNativeTarget section */

/* Begin PBXProject section */
		0918BA2926AB19D8009CC7CC /* Project object */ = {
			isa = PBXProject;
			attributes = {
				LastSwiftUpdateCheck = 1240;
				LastUpgradeCheck = 1240;
				TargetAttributes = {
					0918BA3026AB19D9009CC7CC = {
						CreatedOnToolsVersion = 12.4;
					};
				};
			};
			buildConfigurationList = 0918BA2C26AB19D8009CC7CC /* Build configuration list for PBXProject "Checkers" */;
			compatibilityVersion = "Xcode 9.3";
			developmentRegion = en;
			hasScannedForEncodings = 0;
			knownRegions = (
				en,
				Base,
			);
			mainGroup = 0918BA2826AB19D8009CC7CC;
			packageReferences = (
				0918BA5426AB4795009CC7CC /* XCRemoteSwiftPackageReference "Rainbow" */,
			);
			productRefGroup = 0918BA3226AB19D9009CC7CC /* Products */;
			projectDirPath = "";
			projectRoot = "";
			targets = (
				0918BA3026AB19D9009CC7CC /* Checkers */,
			);
		};
/* End PBXProject section */

/* Begin PBXSourcesBuildPhase section */
		0918BA2D26AB19D9009CC7CC /* Sources */ = {
			isa = PBXSourcesBuildPhase;
			buildActionMask = 2147483647;
			files = (
				0918BA4C26AB3AA7009CC7CC /* CheckersPlayer.swift in Sources */,
				0918BA4F26AB3B9E009CC7CC /* CheckersHumanPlayer.swift in Sources */,
				0918BA3526AB19D9009CC7CC /* main.swift in Sources */,
				0918BA3D26AB1C02009CC7CC /* GameState.swift in Sources */,
				0918BA4026AB3374009CC7CC /* CheckersMinMax.swift in Sources */,
				0918BA5226AB3BF8009CC7CC /* TextUserInterface.swift in Sources */,
			);
			runOnlyForDeploymentPostprocessing = 0;
		};
/* End PBXSourcesBuildPhase section */

/* Begin XCBuildConfiguration section */
		0918BA3626AB19D9009CC7CC /* Debug */ = {
			isa = XCBuildConfiguration;
			buildSettings = {
				ALWAYS_SEARCH_USER_PATHS = NO;
				CLANG_ANALYZER_NONNULL = YES;
				CLANG_ANALYZER_NUMBER_OBJECT_CONVERSION = YES_AGGRESSIVE;
				CLANG_CXX_LANGUAGE_STANDARD = "gnu++14";
				CLANG_CXX_LIBRARY = "libc++";
				CLANG_ENABLE_MODULES = YES;
				CLANG_ENABLE_OBJC_ARC = YES;
				CLANG_ENABLE_OBJC_WEAK = YES;
				CLANG_WARN_BLOCK_CAPTURE_AUTORELEASING = YES;
				CLANG_WARN_BOOL_CONVERSION = YES;
				CLANG_WARN_COMMA = YES;
				CLANG_WARN_CONSTANT_CONVERSION = YES;
				CLANG_WARN_DEPRECATED_OBJC_IMPLEMENTATIONS = YES;
				CLANG_WARN_DIRECT_OBJC_ISA_USAGE = YES_ERROR;
				CLANG_WARN_DOCUMENTATION_COMMENTS = YES;
				CLANG_WARN_EMPTY_BODY = YES;
				CLANG_WARN_ENUM_CONVERSION = YES;
				CLANG_WARN_INFINITE_RECURSION = YES;
				CLANG_WARN_INT_CONVERSION = YES;
				CLANG_WARN_NON_LITERAL_NULL_CONVERSION = YES;
				CLANG_WARN_OBJC_IMPLICIT_RETAIN_SELF = YES;
				CLANG_WARN_OBJC_LITERAL_CONVERSION = YES;
				CLANG_WARN_OBJC_ROOT_CLASS = YES_ERROR;
				CLANG_WARN_QUOTED_INCLUDE_IN_FRAMEWORK_HEADER = YES;
				CLANG_WARN_RANGE_LOOP_ANALYSIS = YES;
				CLANG_WARN_STRICT_PROTOTYPES = YES;
				CLANG_WARN_SUSPICIOUS_MOVE = YES;
				CLANG_WARN_UNGUARDED_AVAILABILITY = YES_AGGRESSIVE;
				CLANG_WARN_UNREACHABLE_CODE = YES;
				CLANG_WARN__DUPLICATE_METHOD_MATCH = YES;
				COPY_PHASE_STRIP = NO;
				DEBUG_INFORMATION_FORMAT = dwarf;
				ENABLE_STRICT_OBJC_MSGSEND = YES;
				ENABLE_TESTABILITY = YES;
				GCC_C_LANGUAGE_STANDARD = gnu11;
				GCC_DYNAMIC_NO_PIC = NO;
				GCC_NO_COMMON_BLOCKS = YES;
				GCC_OPTIMIZATION_LEVEL = 0;
				GCC_PREPROCESSOR_DEFINITIONS = (
					"DEBUG=1",
					"$(inherited)",
				);
				GCC_WARN_64_TO_32_BIT_CONVERSION = YES;
				GCC_WARN_ABOUT_RETURN_TYPE = YES_ERROR;
				GCC_WARN_UNDECLARED_SELECTOR = YES;
				GCC_WARN_UNINITIALIZED_AUTOS = YES_AGGRESSIVE;
				GCC_WARN_UNUSED_FUNCTION = YES;
				GCC_WARN_UNUSED_VARIABLE = YES;
				MACOSX_DEPLOYMENT_TARGET = 11.1;
				MTL_ENABLE_DEBUG_INFO = INCLUDE_SOURCE;
				MTL_FAST_MATH = YES;
				ONLY_ACTIVE_ARCH = YES;
				SDKROOT = macosx;
				SWIFT_ACTIVE_COMPILATION_CONDITIONS = DEBUG;
				SWIFT_OPTIMIZATION_LEVEL = "-Onone";
			};
			name = Debug;
		};
		0918BA3726AB19D9009CC7CC /* Release */ = {
			isa = XCBuildConfiguration;
			buildSettings = {
				ALWAYS_SEARCH_USER_PATHS = NO;
				CLANG_ANALYZER_NONNULL = YES;
				CLANG_ANALYZER_NUMBER_OBJECT_CONVERSION = YES_AGGRESSIVE;
				CLANG_CXX_LANGUAGE_STANDARD = "gnu++14";
				CLANG_CXX_LIBRARY = "libc++";
				CLANG_ENABLE_MODULES = YES;
				CLANG_ENABLE_OBJC_ARC = YES;
				CLANG_ENABLE_OBJC_WEAK = YES;
				CLANG_WARN_BLOCK_CAPTURE_AUTORELEASING = YES;
				CLANG_WARN_BOOL_CONVERSION = YES;
				CLANG_WARN_COMMA = YES;
				CLANG_WARN_CONSTANT_CONVERSION = YES;
				CLANG_WARN_DEPRECATED_OBJC_IMPLEMENTATIONS = YES;
				CLANG_WARN_DIRECT_OBJC_ISA_USAGE = YES_ERROR;
				CLANG_WARN_DOCUMENTATION_COMMENTS = YES;
				CLANG_WARN_EMPTY_BODY = YES;
				CLANG_WARN_ENUM_CONVERSION = YES;
				CLANG_WARN_INFINITE_RECURSION = YES;
				CLANG_WARN_INT_CONVERSION = YES;
				CLANG_WARN_NON_LITERAL_NULL_CONVERSION = YES;
				CLANG_WARN_OBJC_IMPLICIT_RETAIN_SELF = YES;
				CLANG_WARN_OBJC_LITERAL_CONVERSION = YES;
				CLANG_WARN_OBJC_ROOT_CLASS = YES_ERROR;
				CLANG_WARN_QUOTED_INCLUDE_IN_FRAMEWORK_HEADER = YES;
				CLANG_WARN_RANGE_LOOP_ANALYSIS = YES;
				CLANG_WARN_STRICT_PROTOTYPES = YES;
				CLANG_WARN_SUSPICIOUS_MOVE = YES;
				CLANG_WARN_UNGUARDED_AVAILABILITY = YES_AGGRESSIVE;
				CLANG_WARN_UNREACHABLE_CODE = YES;
				CLANG_WARN__DUPLICATE_METHOD_MATCH = YES;
				COPY_PHASE_STRIP = NO;
				DEBUG_INFORMATION_FORMAT = "dwarf-with-dsym";
				ENABLE_NS_ASSERTIONS = NO;
				ENABLE_STRICT_OBJC_MSGSEND = YES;
				GCC_C_LANGUAGE_STANDARD = gnu11;
				GCC_NO_COMMON_BLOCKS = YES;
				GCC_WARN_64_TO_32_BIT_CONVERSION = YES;
				GCC_WARN_ABOUT_RETURN_TYPE = YES_ERROR;
				GCC_WARN_UNDECLARED_SELECTOR = YES;
				GCC_WARN_UNINITIALIZED_AUTOS = YES_AGGRESSIVE;
				GCC_WARN_UNUSED_FUNCTION = YES;
				GCC_WARN_UNUSED_VARIABLE = YES;
				MACOSX_DEPLOYMENT_TARGET = 11.1;
				MTL_ENABLE_DEBUG_INFO = NO;
				MTL_FAST_MATH = YES;
				SDKROOT = macosx;
				SWIFT_COMPILATION_MODE = wholemodule;
				SWIFT_OPTIMIZATION_LEVEL = "-O";
			};
			name = Release;
		};
		0918BA3926AB19D9009CC7CC /* Debug */ = {
			isa = XCBuildConfiguration;
			buildSettings = {
				CODE_SIGN_STYLE = Automatic;
				PRODUCT_NAME = "$(TARGET_NAME)";
				SWIFT_VERSION = 5.0;
			};
			name = Debug;
		};
		0918BA3A26AB19D9009CC7CC /* Release */ = {
			isa = XCBuildConfiguration;
			buildSettings = {
				CODE_SIGN_STYLE = Automatic;
				PRODUCT_NAME = "$(TARGET_NAME)";
				SWIFT_VERSION = 5.0;
			};
			name = Release;
		};
/* End XCBuildConfiguration section */

/* Begin XCConfigurationList section */
		0918BA2C26AB19D8009CC7CC /* Build configuration list for PBXProject "Checkers" */ = {
			isa = XCConfigurationList;
			buildConfigurations = (
				0918BA3626AB19D9009CC7CC /* Debug */,
				0918BA3726AB19D9009CC7CC /* Release */,
			);
			defaultConfigurationIsVisible = 0;
			defaultConfigurationName = Release;
		};
		0918BA3826AB19D9009CC7CC /* Build configuration list for PBXNativeTarget "Checkers" */ = {
			isa = XCConfigurationList;
			buildConfigurations = (
				0918BA3926AB19D9009CC7CC /* Debug */,
				0918BA3A26AB19D9009CC7CC /* Release */,
			);
			defaultConfigurationIsVisible = 0;
			defaultConfigurationName = Release;
		};
/* End XCConfigurationList section */

/* Begin XCRemoteSwiftPackageReference section */
		0918BA5426AB4795009CC7CC /* XCRemoteSwiftPackageReference "Rainbow" */ = {
			isa = XCRemoteSwiftPackageReference;
			repositoryURL = "https://github.com/onevcat/Rainbow";
			requirement = {
				kind = upToNextMajorVersion;
				minimumVersion = 4.0.0;
			};
		};
/* End XCRemoteSwiftPackageReference section */

/* Begin XCSwiftPackageProductDependency section */
		0918BA5526AB4795009CC7CC /* Rainbow */ = {
			isa = XCSwiftPackageProductDependency;
			package = 0918BA5426AB4795009CC7CC /* XCRemoteSwiftPackageReference "Rainbow" */;
			productName = Rainbow;
		};
/* End XCSwiftPackageProductDependency section */
	};
	rootObject = 0918BA2926AB19D8009CC7CC /* Project object */;
}
